Microsoft Visual Studio Solution File, Format Version 11.00
# Visual Studio 2008

Project("{A0917B20-ABAD-95BA-DFCD-EDCC75008FE9}") = "Overwhelm", "Assembly-CSharp.csproj", "{EAA4468B-63D4-86D2-8221-203512DE21D3}"
EndProject
Global
	GlobalSection(SolutionConfigurationPlatforms) = preSolution
		Debug|Any CPU = Debug|Any CPU
		Release|Any CPU = Release|Any CPU
	EndGlobalSection
	GlobalSection(ProjectConfigurationPlatforms) = postSolution
		{EAA4468B-63D4-86D2-8221-203512DE21D3}.Debug|Any CPU.ActiveCfg = Debug|Any CPU
		{EAA4468B-63D4-86D2-8221-203512DE21D3}.Debug|Any CPU.Build.0 = Debug|Any CPU
		{EAA4468B-63D4-86D2-8221-203512DE21D3}.Release|Any CPU.ActiveCfg = Release|Any CPU
		{EAA4468B-63D4-86D2-8221-203512DE21D3}.Release|Any CPU.Build.0 = Release|Any CPU
	EndGlobalSection
	GlobalSection(SolutionProperties) = preSolution
		HideSolutionNode = FALSE
	EndGlobalSection
	GlobalSection(MonoDevelopProperties) = preSolution
		StartupItem = Assembly-CSharp.csproj
	EndGlobalSection
EndGlobal
